# Locked for Linux x86_64 using Python 3.12 and the pinned base image.
# Regenerate deliberately in the python-checks container when dependencies change.
alembic==1.20.0
annotated-doc==0.0.5
annotated-types==0.8.0
anyio==4.15.1
argon2-cffi==25.1.0
argon2-cffi-bindings==26.1.0
ast_serialize==0.11.2
asyncpg==0.31.0
boto3==1.43.97
botocore==1.43.97
certifi==2026.7.22
cffi==2.1.1
click==8.5.0
dramatiq==2.2.1
fastapi==0.141.1
greenlet==3.5.6
h11==0.16.0
httpcore2==2.13.0
httpx2==2.13.0
idna==3.20
iniconfig==2.3.0
jmespath==1.1.0
librt==0.15.0
Mako==1.4.1
MarkupSafe==3.0.3
mypy==2.3.1
mypy_extensions==1.1.0
minio==7.2.20
packaging==26.3
pathspec==1.1.1
pluggy==1.6.0
pydantic==2.13.5
pydantic-settings==2.15.0
pydantic_core==2.46.5
pycparser==3.0
pycryptodome==3.23.0
Pygments==2.21.0
pytest==9.1.1
python-dateutil==2.9.0.post0
python-dotenv==1.2.3
redis==8.1.0
ruff==0.16.8
s3transfer==0.19.2
six==1.17.0
SQLAlchemy==2.0.54
starlette==1.6.0
typing-inspection==0.4.4
typing_extensions==4.16.0
truststore==0.10.4
urllib3==2.8.0
uvicorn==0.53.0
